// !$*UTF8*$!
{
	archiveVersion = 1;
	classes = {
	};
	objectVersion = 50;
	objects = {

/* Begin PBXBuildFile section */
		366014FF249F120100B4B157 /* AppDelegate.swift in Sources */ = {isa = PBXBuildFile; fileRef = 366014FE249F120100B4B157 /* AppDelegate.swift */; };
		36601501249F120100B4B157 /* SceneDelegate.swift in Sources */ = {isa = PBXBuildFile; fileRef = 36601500249F120100B4B157 /* SceneDelegate.swift */; };
		36601503249F120100B4B157 /* ViewController.swift in Sources */ = {isa = PBXBuildFile; fileRef = 36601502249F120100B4B157 /* ViewController.swift */; };
		36601506249F120200B4B157 /* Main.storyboard in Resources */ = {isa = PBXBuildFile; fileRef = 36601504249F120200B4B157 /* Main.storyboard */; };
		36601508249F120400B4B157 /* Assets.xcassets in Resources */ = {isa = PBXBuildFile; fileRef = 36601507249F120400B4B157 /* Assets.xcassets */; };
		3660150B249F120400B4B157 /* LaunchScreen.storyboard in Resources */ = {isa = PBXBuildFile; fileRef = 36601509249F120400B4B157 /* LaunchScreen.storyboard */; };
		36601515249F44D500B4B157 /* Account.swift in Sources */ = {isa = PBXBuildFile; fileRef = 36601514249F44D500B4B157 /* Account.swift */; };
		36A892B724A092CA0094582B /* AccountTableViewCell.swift in Sources */ = {isa = PBXBuildFile; fileRef = 36A892B624A092CA0094582B /* AccountTableViewCell.swift */; };
		36A892B924A0C2300094582B /* DetailViewController.swift in Sources */ = {isa = PBXBuildFile; fileRef = 36A892B824A0C2300094582B /* DetailViewController.swift */; };
		36A892BB24A1AC9D0094582B /* Helpers.swift in Sources */ = {isa = PBXBuildFile; fileRef = 36A892BA24A1AC9D0094582B /* Helpers.swift */; };
/* End PBXBuildFile section */

/* Begin PBXFileReference section */
		366014FB249F120100B4B157 /* darkIce.app */ = {isa = PBXFileReference; explicitFileType = wrapper.application; includeInIndex = 0; path = darkIce.app; sourceTree = BUILT_PRODUCTS_DIR; };
		366014FE249F120100B4B157 /* AppDelegate.swift */ = {isa = PBXFileReference; lastKnownFileType = sourcecode.swift; path = AppDelegate.swift; sourceTree = "<group>"; };
		36601500249F120100B4B157 /* SceneDelegate.swift */ = {isa = PBXFileReference; lastKnownFileType = sourcecode.swift; path = SceneDelegate.swift; sourceTree = "<group>"; };
		36601502249F120100B4B157 /* ViewController.swift */ = {isa = PBXFileReference; lastKnownFileType = sourcecode.swift; path = ViewController.swift; sourceTree = "<group>"; };
		36601505249F120200B4B157 /* Base */ = {isa = PBXFileReference; lastKnownFileType = file.storyboard; name = Base; path = Base.lproj/Main.storyboard; sourceTree = "<group>"; };
		36601507249F120400B4B157 /* Assets.xcassets */ = {isa = PBXFileReference; lastKnownFileType = folder.assetcatalog; path = Assets.xcassets; sourceTree = "<group>"; };
		3660150A249F120400B4B157 /* Base */ = {isa = PBXFileReference; lastKnownFileType = file.storyboard; name = Base; path = Base.lproj/LaunchScreen.storyboard; sourceTree = "<group>"; };
		3660150C249F120400B4B157 /* Info.plist */ = {isa = PBXFileReference; lastKnownFileType = text.plist.xml; path = Info.plist; sourceTree = "<group>"; };
		36601514249F44D500B4B157 /* Account.swift */ = {isa = PBXFileReference; lastKnownFileType = sourcecode.swift; path = Account.swift; sourceTree = "<group>"; };
		36A892B624A092CA0094582B /* AccountTableViewCell.swift */ = {isa = PBXFileReference; lastKnownFileType = sourcecode.swift; path = AccountTableViewCell.swift; sourceTree = "<group>"; };
		36A892B824A0C2300094582B /* DetailViewController.swift */ = {isa = PBXFileReference; lastKnownFileType = sourcecode.swift; path = DetailViewController.swift; sourceTree = "<group>"; };
		36A892BA24A1AC9D0094582B /* Helpers.swift */ = {isa = PBXFileReference; lastKnownFileType = sourcecode.swift; path = Helpers.swift; sourceTree = "<group>"; };
/* End PBXFileReference section */

/* Begin PBXFrameworksBuildPhase section */
		366014F8249F120100B4B157 /* Frameworks */ = {
			isa = PBXFrameworksBuildPhase;
			buildActionMask = 2147483647;
			files = (
			);
			runOnlyForDeploymentPostprocessing = 0;
		};
/* End PBXFrameworksBuildPhase section */

/* Begin PBXGroup section */
		366014F2249F120100B4B157 = {
			isa = PBXGroup;
			children = (
				366014FD249F120100B4B157 /* darkIce */,
				366014FC249F120100B4B157 /* Products */,
			);
			sourceTree = "<group>";
		};
		366014FC249F120100B4B157 /* Products */ = {
			isa = PBXGroup;
			children = (
				366014FB249F120100B4B157 /* darkIce.app */,
			);
			name = Products;
			sourceTree = "<group>";
		};
		366014FD249F120100B4B157 /* darkIce */ = {
			isa = PBXGroup;
			children = (
				366014FE249F120100B4B157 /* AppDelegate.swift */,
				36601500249F120100B4B157 /* SceneDelegate.swift */,
				36601502249F120100B4B157 /* ViewController.swift */,
				36601514249F44D500B4B157 /* Account.swift */,
				36A892B624A092CA0094582B /* AccountTableViewCell.swift */,
				36A892B824A0C2300094582B /* DetailViewController.swift */,
				36A892BA24A1AC9D0094582B /* Helpers.swift */,
				36601504249F120200B4B157 /* Main.storyboard */,
				36601507249F120400B4B157 /* Assets.xcassets */,
				36601509249F120400B4B157 /* LaunchScreen.storyboard */,
				3660150C249F120400B4B157 /* Info.plist */,
			);
			path = darkIce;
			sourceTree = "<group>";
		};
/* End PBXGroup section */

/* Begin PBXNativeTarget section */
		366014FA249F120100B4B157 /* darkIce */ = {
			isa = PBXNativeTarget;
			buildConfigurationList = 3660150F249F120400B4B157 /* Build configuration list for PBXNativeTarget "darkIce" */;
			buildPhases = (
				366014F7249F120100B4B157 /* Sources */,
				366014F8249F120100B4B157 /* Frameworks */,
				366014F9249F120100B4B157 /* Resources */,
			);
			buildRules = (
			);
			dependencies = (
			);
			name = darkIce;
			productName = darkIce;
			productReference = 366014FB249F120100B4B157 /* darkIce.app */;
			productType = "com.apple.product-type.application";
		};
/* End PBXNativeTarget section */

/* Begin PBXProject section */
		366014F3249F120100B4B157 /* Project object */ = {
			isa = PBXProject;
			attributes = {
				LastSwiftUpdateCheck = 1150;
				LastUpgradeCheck = 1150;
				ORGANIZATIONNAME = "Scott Murray";
				TargetAttributes = {
					366014FA249F120100B4B157 = {
						CreatedOnToolsVersion = 11.5;
					};
				};
			};
			buildConfigurationList = 366014F6249F120100B4B157 /* Build configuration list for PBXProject "darkIce" */;
			compatibilityVersion = "Xcode 9.3";
			developmentRegion = en;
			hasScannedForEncodings = 0;
			knownRegions = (
				en,
				Base,
			);
			mainGroup = 366014F2249F120100B4B157;
			productRefGroup = 366014FC249F120100B4B157 /* Products */;
			projectDirPath = "";
			projectRoot = "";
			targets = (
				366014FA249F120100B4B157 /* darkIce */,
			);
		};
/* End PBXProject section */

/* Begin PBXResourcesBuildPhase section */
		366014F9249F120100B4B157 /* Resources */ = {
			isa = PBXResourcesBuildPhase;
			buildActionMask = 2147483647;
			files = (
				3660150B249F120400B4B157 /* LaunchScreen.storyboard in Resources */,
				36601508249F120400B4B157 /* Assets.xcassets in Resources */,
				36601506249F120200B4B157 /* Main.storyboard in Resources */,
			);
			runOnlyForDeploymentPostprocessing = 0;
		};
/* End PBXResourcesBuildPhase section */

/* Begin PBXSourcesBuildPhase section */
		366014F7249F120100B4B157 /* Sources */ = {
			isa = PBXSourcesBuildPhase;
			buildActionMask = 2147483647;
			files = (
				36601503249F120100B4B157 /* ViewController.swift in Sources */,
				36A892BB24A1AC9D0094582B /* Helpers.swift in Sources */,
				36601515249F44D500B4B157 /* Account.swift in Sources */,
				36A892B724A092CA0094582B /* AccountTableViewCell.swift in Sources */,
				36A892B924A0C2300094582B /* DetailViewController.swift in Sources */,
				366014FF249F120100B4B157 /* AppDelegate.swift in Sources */,
				36601501249F120100B4B157 /* SceneDelegate.swift in Sources */,
			);
			runOnlyForDeploymentPostprocessing = 0;
		};
/* End PBXSourcesBuildPhase section */

/* Begin PBXVariantGroup section */
		36601504249F120200B4B157 /* Main.storyboard */ = {
			isa = PBXVariantGroup;
			children = (
				36601505249F120200B4B157 /* Base */,
			);
			name = Main.storyboard;
			sourceTree = "<group>";
		};
		36601509249F120400B4B157 /* LaunchScreen.storyboard */ = {
			isa = PBXVariantGroup;
			children = (
				3660150A249F120400B4B157 /* Base */,
			);
			name = LaunchScreen.storyboard;
			sourceTree = "<group>";
		};
/* End PBXVariantGroup section */

/* Begin XCBuildConfiguration section */
		3660150D249F120400B4B157 /* Debug */ = {
			isa = XCBuildConfiguration;
			buildSettings = {
				ALWAYS_SEARCH_USER_PATHS = NO;
				CLANG_ANALYZER_NONNULL = YES;
				CLANG_ANALYZER_NUMBER_OBJECT_CONVERSION = YES_AGGRESSIVE;
				CLANG_CXX_LANGUAGE_STANDARD = "gnu++14";
				CLANG_CXX_LIBRARY = "libc++";
				CLANG_ENABLE_MODULES = YES;
				CLANG_ENABLE_OBJC_ARC = YES;
				CLANG_ENABLE_OBJC_WEAK = YES;
				CLANG_WARN_BLOCK_CAPTURE_AUTORELEASING = YES;
				CLANG_WARN_BOOL_CONVERSION = YES;
				CLANG_WARN_COMMA = YES;
				CLANG_WARN_CONSTANT_CONVERSION = YES;
				CLANG_WARN_DEPRECATED_OBJC_IMPLEMENTATIONS = YES;
				CLANG_WARN_DIRECT_OBJC_ISA_USAGE = YES_ERROR;
				CLANG_WARN_DOCUMENTATION_COMMENTS = YES;
				CLANG_WARN_EMPTY_BODY = YES;
				CLANG_WARN_ENUM_CONVERSION = YES;
				CLANG_WARN_INFINITE_RECURSION = YES;
				CLANG_WARN_INT_CONVERSION = YES;
				CLANG_WARN_NON_LITERAL_NULL_CONVERSION = YES;
				CLANG_WARN_OBJC_IMPLICIT_RETAIN_SELF = YES;
				CLANG_WARN_OBJC_LITERAL_CONVERSION = YES;
				CLANG_WARN_OBJC_ROOT_CLASS = YES_ERROR;
				CLANG_WARN_RANGE_LOOP_ANALYSIS = YES;
				CLANG_WARN_STRICT_PROTOTYPES = YES;
				CLANG_WARN_SUSPICIOUS_MOVE = YES;
				CLANG_WARN_UNGUARDED_AVAILABILITY = YES_AGGRESSIVE;
				CLANG_WARN_UNREACHABLE_CODE = YES;
				CLANG_WARN__DUPLICATE_METHOD_MATCH = YES;
				COPY_PHASE_STRIP = NO;
				DEBUG_INFORMATION_FORMAT = dwarf;
				ENABLE_STRICT_OBJC_MSGSEND = YES;
				ENABLE_TESTABILITY = YES;
				GCC_C_LANGUAGE_STANDARD = gnu11;
				GCC_DYNAMIC_NO_PIC = NO;
				GCC_NO_COMMON_BLOCKS = YES;
				GCC_OPTIMIZATION_LEVEL = 0;
				GCC_PREPROCESSOR_DEFINITIONS = (
					"DEBUG=1",
					"$(inherited)",
				);
				GCC_WARN_64_TO_32_BIT_CONVERSION = YES;
				GCC_WARN_ABOUT_RETURN_TYPE = YES_ERROR;
				GCC_WARN_UNDECLARED_SELECTOR = YES;
				GCC_WARN_UNINITIALIZED_AUTOS = YES_AGGRESSIVE;
				GCC_WARN_UNUSED_FUNCTION = YES;
				GCC_WARN_UNUSED_VARIABLE = YES;
				IPHONEOS_DEPLOYMENT_TARGET = 13.5;
				MTL_ENABLE_DEBUG_INFO = INCLUDE_SOURCE;
				MTL_FAST_MATH = YES;
				ONLY_ACTIVE_ARCH = YES;
				SDKROOT = iphoneos;
				SWIFT_ACTIVE_COMPILATION_CONDITIONS = DEBUG;
				SWIFT_OPTIMIZATION_LEVEL = "-Onone";
			};
			name = Debug;
		};
		3660150E249F120400B4B157 /* Release */ = {
			isa = XCBuildConfiguration;
			buildSettings = {
				ALWAYS_SEARCH_USER_PATHS = NO;
				CLANG_ANALYZER_NONNULL = YES;
				CLANG_ANALYZER_NUMBER_OBJECT_CONVERSION = YES_AGGRESSIVE;
				CLANG_CXX_LANGUAGE_STANDARD = "gnu++14";
				CLANG_CXX_LIBRARY = "libc++";
				CLANG_ENABLE_MODULES = YES;
				CLANG_ENABLE_OBJC_ARC = YES;
				CLANG_ENABLE_OBJC_WEAK = YES;
				CLANG_WARN_BLOCK_CAPTURE_AUTORELEASING = YES;
				CLANG_WARN_BOOL_CONVERSION = YES;
				CLANG_WARN_COMMA = YES;
				CLANG_WARN_CONSTANT_CONVERSION = YES;
				CLANG_WARN_DEPRECATED_OBJC_IMPLEMENTATIONS = YES;
				CLANG_WARN_DIRECT_OBJC_ISA_USAGE = YES_ERROR;
				CLANG_WARN_DOCUMENTATION_COMMENTS = YES;
				CLANG_WARN_EMPTY_BODY = YES;
				CLANG_WARN_ENUM_CONVERSION = YES;
				CLANG_WARN_INFINITE_RECURSION = YES;
				CLANG_WARN_INT_CONVERSION = YES;
				CLANG_WARN_NON_LITERAL_NULL_CONVERSION = YES;
				CLANG_WARN_OBJC_IMPLICIT_RETAIN_SELF = YES;
				CLANG_WARN_OBJC_LITERAL_CONVERSION = YES;
				CLANG_WARN_OBJC_ROOT_CLASS = YES_ERROR;
				CLANG_WARN_RANGE_LOOP_ANALYSIS = YES;
				CLANG_WARN_STRICT_PROTOTYPES = YES;
				CLANG_WARN_SUSPICIOUS_MOVE = YES;
				CLANG_WARN_UNGUARDED_AVAILABILITY = YES_AGGRESSIVE;
				CLANG_WARN_UNREACHABLE_CODE = YES;
				CLANG_WARN__DUPLICATE_METHOD_MATCH = YES;
				COPY_PHASE_STRIP = NO;
				DEBUG_INFORMATION_FORMAT = "dwarf-with-dsym";
				ENABLE_NS_ASSERTIONS = NO;
				ENABLE_STRICT_OBJC_MSGSEND = YES;
				GCC_C_LANGUAGE_STANDARD = gnu11;
				GCC_NO_COMMON_BLOCKS = YES;
				GCC_WARN_64_TO_32_BIT_CONVERSION = YES;
				GCC_WARN_ABOUT_RETURN_TYPE = YES_ERROR;
				GCC_WARN_UNDECLARED_SELECTOR = YES;
				GCC_WARN_UNINITIALIZED_AUTOS = YES_AGGRESSIVE;
				GCC_WARN_UNUSED_FUNCTION = YES;
				GCC_WARN_UNUSED_VARIABLE = YES;
				IPHONEOS_DEPLOYMENT_TARGET = 13.5;
				MTL_ENABLE_DEBUG_INFO = NO;
				MTL_FAST_MATH = YES;
				SDKROOT = iphoneos;
				SWIFT_COMPILATION_MODE = wholemodule;
				SWIFT_OPTIMIZATION_LEVEL = "-O";
				VALIDATE_PRODUCT = YES;
			};
			name = Release;
		};
		36601510249F120400B4B157 /* Debug */ = {
			isa = XCBuildConfiguration;
			buildSettings = {
				ASSETCATALOG_COMPILER_APPICON_NAME = AppIcon;
				CODE_SIGN_STYLE = Automatic;
				DEVELOPMENT_TEAM = BKNFDX63PC;
				INFOPLIST_FILE = darkIce/Info.plist;
				LD_RUNPATH_SEARCH_PATHS = (
					"$(inherited)",
					"@executable_path/Frameworks",
				);
				PRODUCT_BUNDLE_IDENTIFIER = com.ScottMurray.darkIce;
				PRODUCT_NAME = "$(TARGET_NAME)";
				SWIFT_VERSION = 5.0;
				TARGETED_DEVICE_FAMILY = "1,2";
			};
			name = Debug;
		};
		36601511249F120400B4B157 /* Release */ = {
			isa = XCBuildConfiguration;
			buildSettings = {
				ASSETCATALOG_COMPILER_APPICON_NAME = AppIcon;
				CODE_SIGN_STYLE = Automatic;
				DEVELOPMENT_TEAM = BKNFDX63PC;
				INFOPLIST_FILE = darkIce/Info.plist;
				LD_RUNPATH_SEARCH_PATHS = (
					"$(inherited)",
					"@executable_path/Frameworks",
				);
				PRODUCT_BUNDLE_IDENTIFIER = com.ScottMurray.darkIce;
				PRODUCT_NAME = "$(TARGET_NAME)";
				SWIFT_VERSION = 5.0;
				TARGETED_DEVICE_FAMILY = "1,2";
			};
			name = Release;
		};
/* End XCBuildConfiguration section */

/* Begin XCConfigurationList section */
		366014F6249F120100B4B157 /* Build configuration list for PBXProject "darkIce" */ = {
			isa = XCConfigurationList;
			buildConfigurations = (
				3660150D249F120400B4B157 /* Debug */,
				3660150E249F120400B4B157 /* Release */,
			);
			defaultConfigurationIsVisible = 0;
			defaultConfigurationName = Release;
		};
		3660150F249F120400B4B157 /* Build configuration list for PBXNativeTarget "darkIce" */ = {
			isa = XCConfigurationList;
			buildConfigurations = (
				36601510249F120400B4B157 /* Debug */,
				36601511249F120400B4B157 /* Release */,
			);
			defaultConfigurationIsVisible = 0;
			defaultConfigurationName = Release;
		};
/* End XCConfigurationList section */
	};
	rootObject = 366014F3249F120100B4B157 /* Project object */;
}
